// !$*UTF8*$!
{
	archiveVersion = 1;
	classes = {
	};
	objectVersion = 48;
	objects = {

/* Begin PBXBuildFile section */
		75F0C6F31FF25BFF007CA92B /* AppDelegate.swift in Sources */ = {isa = PBXBuildFile; fileRef = 75F0C6F21FF25BFF007CA92B /* AppDelegate.swift */; };
		75F0C6F51FF25BFF007CA92B /* ViewController.swift in Sources */ = {isa = PBXBuildFile; fileRef = 75F0C6F41FF25BFF007CA92B /* ViewController.swift */; };
		75F0C6F81FF25BFF007CA92B /* Main.storyboard in Resources */ = {isa = PBXBuildFile; fileRef = 75F0C6F61FF25BFF007CA92B /* Main.storyboard */; };
		75F0C6FB1FF25BFF007CA92B /* Coredata_Relationships.xcdatamodeld in Sources */ = {isa = PBXBuildFile; fileRef = 75F0C6F91FF25BFF007CA92B /* Coredata_Relationships.xcdatamodeld */; };
		75F0C6FD1FF25BFF007CA92B /* Assets.xcassets in Resources */ = {isa = PBXBuildFile; fileRef = 75F0C6FC1FF25BFF007CA92B /* Assets.xcassets */; };
		75F0C7001FF25BFF007CA92B /* LaunchScreen.storyboard in Resources */ = {isa = PBXBuildFile; fileRef = 75F0C6FE1FF25BFF007CA92B /* LaunchScreen.storyboard */; };
/* End PBXBuildFile section */

/* Begin PBXFileReference section */
		75F0C6EF1FF25BFF007CA92B /* Coredata_Relationships.app */ = {isa = PBXFileReference; explicitFileType = wrapper.application; includeInIndex = 0; path = Coredata_Relationships.app; sourceTree = BUILT_PRODUCTS_DIR; };
		75F0C6F21FF25BFF007CA92B /* AppDelegate.swift */ = {isa = PBXFileReference; lastKnownFileType = sourcecode.swift; path = AppDelegate.swift; sourceTree = "<group>"; };
		75F0C6F41FF25BFF007CA92B /* ViewController.swift */ = {isa = PBXFileReference; lastKnownFileType = sourcecode.swift; path = ViewController.swift; sourceTree = "<group>"; };
		75F0C6F71FF25BFF007CA92B /* Base */ = {isa = PBXFileReference; lastKnownFileType = file.storyboard; name = Base; path = Base.lproj/Main.storyboard; sourceTree = "<group>"; };
		75F0C6FA1FF25BFF007CA92B /* Coredata_Relationships.xcdatamodel */ = {isa = PBXFileReference; lastKnownFileType = wrapper.xcdatamodel; path = Coredata_Relationships.xcdatamodel; sourceTree = "<group>"; };
		75F0C6FC1FF25BFF007CA92B /* Assets.xcassets */ = {isa = PBXFileReference; lastKnownFileType = folder.assetcatalog; path = Assets.xcassets; sourceTree = "<group>"; };
		75F0C6FF1FF25BFF007CA92B /* Base */ = {isa = PBXFileReference; lastKnownFileType = file.storyboard; name = Base; path = Base.lproj/LaunchScreen.storyboard; sourceTree = "<group>"; };
		75F0C7011FF25BFF007CA92B /* Info.plist */ = {isa = PBXFileReference; lastKnownFileType = text.plist.xml; path = Info.plist; sourceTree = "<group>"; };
/* End PBXFileReference section */

/* Begin PBXFrameworksBuildPhase section */
		75F0C6EC1FF25BFF007CA92B /* Frameworks */ = {
			isa = PBXFrameworksBuildPhase;
			buildActionMask = 2147483647;
			files = (
			);
			runOnlyForDeploymentPostprocessing = 0;
		};
/* End PBXFrameworksBuildPhase section */

/* Begin PBXGroup section */
		75F0C6E61FF25BFF007CA92B = {
			isa = PBXGroup;
			children = (
				75F0C6F11FF25BFF007CA92B /* Coredata_Relationships */,
				75F0C6F01FF25BFF007CA92B /* Products */,
			);
			sourceTree = "<group>";
		};
		75F0C6F01FF25BFF007CA92B /* Products */ = {
			isa = PBXGroup;
			children = (
				75F0C6EF1FF25BFF007CA92B /* Coredata_Relationships.app */,
			);
			name = Products;
			sourceTree = "<group>";
		};
		75F0C6F11FF25BFF007CA92B /* Coredata_Relationships */ = {
			isa = PBXGroup;
			children = (
				75F0C6F21FF25BFF007CA92B /* AppDelegate.swift */,
				75F0C6F41FF25BFF007CA92B /* ViewController.swift */,
				75F0C6F61FF25BFF007CA92B /* Main.storyboard */,
				75F0C6FC1FF25BFF007CA92B /* Assets.xcassets */,
				75F0C6FE1FF25BFF007CA92B /* LaunchScreen.storyboard */,
				75F0C7011FF25BFF007CA92B /* Info.plist */,
				75F0C6F91FF25BFF007CA92B /* Coredata_Relationships.xcdatamodeld */,
			);
			path = Coredata_Relationships;
			sourceTree = "<group>";
		};
/* End PBXGroup section */

/* Begin PBXNativeTarget section */
		75F0C6EE1FF25BFF007CA92B /* Coredata_Relationships */ = {
			isa = PBXNativeTarget;
			buildConfigurationList = 75F0C7041FF25BFF007CA92B /* Build configuration list for PBXNativeTarget "Coredata_Relationships" */;
			buildPhases = (
				75F0C6EB1FF25BFF007CA92B /* Sources */,
				75F0C6EC1FF25BFF007CA92B /* Frameworks */,
				75F0C6ED1FF25BFF007CA92B /* Resources */,
			);
			buildRules = (
			);
			dependencies = (
			);
			name = Coredata_Relationships;
			productName = Coredata_Relationships;
			productReference = 75F0C6EF1FF25BFF007CA92B /* Coredata_Relationships.app */;
			productType = "com.apple.product-type.application";
		};
/* End PBXNativeTarget section */

/* Begin PBXProject section */
		75F0C6E71FF25BFF007CA92B /* Project object */ = {
			isa = PBXProject;
			attributes = {
				LastSwiftUpdateCheck = 0920;
				LastUpgradeCheck = 0920;
				ORGANIZATIONNAME = ParthSoni;
				TargetAttributes = {
					75F0C6EE1FF25BFF007CA92B = {
						CreatedOnToolsVersion = 9.2;
						ProvisioningStyle = Manual;
					};
				};
			};
			buildConfigurationList = 75F0C6EA1FF25BFF007CA92B /* Build configuration list for PBXProject "Coredata_Relationships" */;
			compatibilityVersion = "Xcode 8.0";
			developmentRegion = en;
			hasScannedForEncodings = 0;
			knownRegions = (
				en,
				Base,
			);
			mainGroup = 75F0C6E61FF25BFF007CA92B;
			productRefGroup = 75F0C6F01FF25BFF007CA92B /* Products */;
			projectDirPath = "";
			projectRoot = "";
			targets = (
				75F0C6EE1FF25BFF007CA92B /* Coredata_Relationships */,
			);
		};
/* End PBXProject section */

/* Begin PBXResourcesBuildPhase section */
		75F0C6ED1FF25BFF007CA92B /* Resources */ = {
			isa = PBXResourcesBuildPhase;
			buildActionMask = 2147483647;
			files = (
				75F0C7001FF25BFF007CA92B /* LaunchScreen.storyboard in Resources */,
				75F0C6FD1FF25BFF007CA92B /* Assets.xcassets in Resources */,
				75F0C6F81FF25BFF007CA92B /* Main.storyboard in Resources */,
			);
			runOnlyForDeploymentPostprocessing = 0;
		};
/* End PBXResourcesBuildPhase section */

/* Begin PBXSourcesBuildPhase section */
		75F0C6EB1FF25BFF007CA92B /* Sources */ = {
			isa = PBXSourcesBuildPhase;
			buildActionMask = 2147483647;
			files = (
				75F0C6FB1FF25BFF007CA92B /* Coredata_Relationships.xcdatamodeld in Sources */,
				75F0C6F51FF25BFF007CA92B /* ViewController.swift in Sources */,
				75F0C6F31FF25BFF007CA92B /* AppDelegate.swift in Sources */,
			);
			runOnlyForDeploymentPostprocessing = 0;
		};
/* End PBXSourcesBuildPhase section */

/* Begin PBXVariantGroup section */
		75F0C6F61FF25BFF007CA92B /* Main.storyboard */ = {
			isa = PBXVariantGroup;
			children = (
				75F0C6F71FF25BFF007CA92B /* Base */,
			);
			name = Main.storyboard;
			sourceTree = "<group>";
		};
		75F0C6FE1FF25BFF007CA92B /* LaunchScreen.storyboard */ = {
			isa = PBXVariantGroup;
			children = (
				75F0C6FF1FF25BFF007CA92B /* Base */,
			);
			name = LaunchScreen.storyboard;
			sourceTree = "<group>";
		};
/* End PBXVariantGroup section */

/* Begin XCBuildConfiguration section */
		75F0C7021FF25BFF007CA92B /* Debug */ = {
			isa = XCBuildConfiguration;
			buildSettings = {
				ALWAYS_SEARCH_USER_PATHS = NO;
				CLANG_ANALYZER_NONNULL = YES;
				CLANG_ANALYZER_NUMBER_OBJECT_CONVERSION = YES_AGGRESSIVE;
				CLANG_CXX_LANGUAGE_STANDARD = "gnu++14";
				CLANG_CXX_LIBRARY = "libc++";
				CLANG_ENABLE_MODULES = YES;
				CLANG_ENABLE_OBJC_ARC = YES;
				CLANG_WARN_BLOCK_CAPTURE_AUTORELEASING = YES;
				CLANG_WARN_BOOL_CONVERSION = YES;
				CLANG_WARN_COMMA = YES;
				CLANG_WARN_CONSTANT_CONVERSION = YES;
				CLANG_WARN_DIRECT_OBJC_ISA_USAGE = YES_ERROR;
				CLANG_WARN_DOCUMENTATION_COMMENTS = YES;
				CLANG_WARN_EMPTY_BODY = YES;
				CLANG_WARN_ENUM_CONVERSION = YES;
				CLANG_WARN_INFINITE_RECURSION = YES;
				CLANG_WARN_INT_CONVERSION = YES;
				CLANG_WARN_NON_LITERAL_NULL_CONVERSION = YES;
				CLANG_WARN_OBJC_LITERAL_CONVERSION = YES;
				CLANG_WARN_OBJC_ROOT_CLASS = YES_ERROR;
				CLANG_WARN_RANGE_LOOP_ANALYSIS = YES;
				CLANG_WARN_STRICT_PROTOTYPES = YES;
				CLANG_WARN_SUSPICIOUS_MOVE = YES;
				CLANG_WARN_UNGUARDED_AVAILABILITY = YES_AGGRESSIVE;
				CLANG_WARN_UNREACHABLE_CODE = YES;
				CLANG_WARN__DUPLICATE_METHOD_MATCH = YES;
				CODE_SIGN_IDENTITY = "iPhone Developer";
				COPY_PHASE_STRIP = NO;
				DEBUG_INFORMATION_FORMAT = dwarf;
				ENABLE_STRICT_OBJC_MSGSEND = YES;
				ENABLE_TESTABILITY = YES;
				GCC_C_LANGUAGE_STANDARD = gnu11;
				GCC_DYNAMIC_NO_PIC = NO;
				GCC_NO_COMMON_BLOCKS = YES;
				GCC_OPTIMIZATION_LEVEL = 0;
				GCC_PREPROCESSOR_DEFINITIONS = (
					"DEBUG=1",
					"$(inherited)",
				);
				GCC_WARN_64_TO_32_BIT_CONVERSION = YES;
				GCC_WARN_ABOUT_RETURN_TYPE = YES_ERROR;
				GCC_WARN_UNDECLARED_SELECTOR = YES;
				GCC_WARN_UNINITIALIZED_AUTOS = YES_AGGRESSIVE;
				GCC_WARN_UNUSED_FUNCTION = YES;
				GCC_WARN_UNUSED_VARIABLE = YES;
				IPHONEOS_DEPLOYMENT_TARGET = 11.2;
				MTL_ENABLE_DEBUG_INFO = YES;
				ONLY_ACTIVE_ARCH = YES;
				SDKROOT = iphoneos;
				SWIFT_ACTIVE_COMPILATION_CONDITIONS = DEBUG;
				SWIFT_OPTIMIZATION_LEVEL = "-Onone";
			};
			name = Debug;
		};
		75F0C7031FF25BFF007CA92B /* Release */ = {
			isa = XCBuildConfiguration;
			buildSettings = {
				ALWAYS_SEARCH_USER_PATHS = NO;
				CLANG_ANALYZER_NONNULL = YES;
				CLANG_ANALYZER_NUMBER_OBJECT_CONVERSION = YES_AGGRESSIVE;
				CLANG_CXX_LANGUAGE_STANDARD = "gnu++14";
				CLANG_CXX_LIBRARY = "libc++";
				CLANG_ENABLE_MODULES = YES;
				CLANG_ENABLE_OBJC_ARC = YES;
				CLANG_WARN_BLOCK_CAPTURE_AUTORELEASING = YES;
				CLANG_WARN_BOOL_CONVERSION = YES;
				CLANG_WARN_COMMA = YES;
				CLANG_WARN_CONSTANT_CONVERSION = YES;
				CLANG_WARN_DIRECT_OBJC_ISA_USAGE = YES_ERROR;
				CLANG_WARN_DOCUMENTATION_COMMENTS = YES;
				CLANG_WARN_EMPTY_BODY = YES;
				CLANG_WARN_ENUM_CONVERSION = YES;
				CLANG_WARN_INFINITE_RECURSION = YES;
				CLANG_WARN_INT_CONVERSION = YES;
				CLANG_WARN_NON_LITERAL_NULL_CONVERSION = YES;
				CLANG_WARN_OBJC_LITERAL_CONVERSION = YES;
				CLANG_WARN_OBJC_ROOT_CLASS = YES_ERROR;
				CLANG_WARN_RANGE_LOOP_ANALYSIS = YES;
				CLANG_WARN_STRICT_PROTOTYPES = YES;
				CLANG_WARN_SUSPICIOUS_MOVE = YES;
				CLANG_WARN_UNGUARDED_AVAILABILITY = YES_AGGRESSIVE;
				CLANG_WARN_UNREACHABLE_CODE = YES;
				CLANG_WARN__DUPLICATE_METHOD_MATCH = YES;
				CODE_SIGN_IDENTITY = "iPhone Developer";
				COPY_PHASE_STRIP = NO;
				DEBUG_INFORMATION_FORMAT = "dwarf-with-dsym";
				ENABLE_NS_ASSERTIONS = NO;
				ENABLE_STRICT_OBJC_MSGSEND = YES;
				GCC_C_LANGUAGE_STANDARD = gnu11;
				GCC_NO_COMMON_BLOCKS = YES;
				GCC_WARN_64_TO_32_BIT_CONVERSION = YES;
				GCC_WARN_ABOUT_RETURN_TYPE = YES_ERROR;
				GCC_WARN_UNDECLARED_SELECTOR = YES;
				GCC_WARN_UNINITIALIZED_AUTOS = YES_AGGRESSIVE;
				GCC_WARN_UNUSED_FUNCTION = YES;
				GCC_WARN_UNUSED_VARIABLE = YES;
				IPHONEOS_DEPLOYMENT_TARGET = 11.2;
				MTL_ENABLE_DEBUG_INFO = NO;
				SDKROOT = iphoneos;
				SWIFT_OPTIMIZATION_LEVEL = "-Owholemodule";
				VALIDATE_PRODUCT = YES;
			};
			name = Release;
		};
		75F0C7051FF25BFF007CA92B /* Debug */ = {
			isa = XCBuildConfiguration;
			buildSettings = {
				ASSETCATALOG_COMPILER_APPICON_NAME = AppIcon;
				CODE_SIGN_STYLE = Manual;
				DEVELOPMENT_TEAM = "";
				INFOPLIST_FILE = Coredata_Relationships/Info.plist;
				LD_RUNPATH_SEARCH_PATHS = "$(inherited) @executable_path/Frameworks";
				PRODUCT_BUNDLE_IDENTIFIER = "com.Csoft.Coredata-Relationships";
				PRODUCT_NAME = "$(TARGET_NAME)";
				PROVISIONING_PROFILE_SPECIFIER = "";
				SWIFT_VERSION = 4.0;
				TARGETED_DEVICE_FAMILY = "1,2";
			};
			name = Debug;
		};
		75F0C7061FF25BFF007CA92B /* Release */ = {
			isa = XCBuildConfiguration;
			buildSettings = {
				ASSETCATALOG_COMPILER_APPICON_NAME = AppIcon;
				CODE_SIGN_STYLE = Manual;
				DEVELOPMENT_TEAM = "";
				INFOPLIST_FILE = Coredata_Relationships/Info.plist;
				LD_RUNPATH_SEARCH_PATHS = "$(inherited) @executable_path/Frameworks";
				PRODUCT_BUNDLE_IDENTIFIER = "com.Csoft.Coredata-Relationships";
				PRODUCT_NAME = "$(TARGET_NAME)";
				PROVISIONING_PROFILE_SPECIFIER = "";
				SWIFT_VERSION = 4.0;
				TARGETED_DEVICE_FAMILY = "1,2";
			};
			name = Release;
		};
/* End XCBuildConfiguration section */

/* Begin XCConfigurationList section */
		75F0C6EA1FF25BFF007CA92B /* Build configuration list for PBXProject "Coredata_Relationships" */ = {
			isa = XCConfigurationList;
			buildConfigurations = (
				75F0C7021FF25BFF007CA92B /* Debug */,
				75F0C7031FF25BFF007CA92B /* Release */,
			);
			defaultConfigurationIsVisible = 0;
			defaultConfigurationName = Release;
		};
		75F0C7041FF25BFF007CA92B /* Build configuration list for PBXNativeTarget "Coredata_Relationships" */ = {
			isa = XCConfigurationList;
			buildConfigurations = (
				75F0C7051FF25BFF007CA92B /* Debug */,
				75F0C7061FF25BFF007CA92B /* Release */,
			);
			defaultConfigurationIsVisible = 0;
			defaultConfigurationName = Release;
		};
/* End XCConfigurationList section */

/* Begin XCVersionGroup section */
		75F0C6F91FF25BFF007CA92B /* Coredata_Relationships.xcdatamodeld */ = {
			isa = XCVersionGroup;
			children = (
				75F0C6FA1FF25BFF007CA92B /* Coredata_Relationships.xcdatamodel */,
			);
			currentVersion = 75F0C6FA1FF25BFF007CA92B /* Coredata_Relationships.xcdatamodel */;
			path = Coredata_Relationships.xcdatamodeld;
			sourceTree = "<group>";
			versionGroupType = wrapper.xcdatamodel;
		};
/* End XCVersionGroup section */
	};
	rootObject = 75F0C6E71FF25BFF007CA92B /* Project object */;
}
